
Microsoft Visual Studio Solution File, Format Version 12.00
# Visual Studio Version 17
VisualStudioVersion = 17.4.33213.308
MinimumVisualStudioVersion = 10.0.40219.1
Project("{FAE04EC0-301F-11D3-BF4B-00C04F79EFBC}") = "MonkeyShop", "MonkeyShop\MonkeyShop.csproj", "{6157F818-D233-4189-8882-9A375A8431C6}"
EndProject
Global
	GlobalSection(SolutionConfigurationPlatforms) = preSolution
		Debug|Any CPU = Debug|Any CPU
		Release|Any CPU = Release|Any CPU
	EndGlobalSection
	GlobalSection(ProjectConfigurationPlatforms) = postSolution
		{6157F818-D233-4189-8882-9A375A8431C6}.Debug|Any CPU.ActiveCfg = Debug|Any CPU
		{6157F818-D233-4189-8882-9A375A8431C6}.Debug|Any CPU.Build.0 = Debug|Any CPU
		{6157F818-D233-4189-8882-9A375A8431C6}.Release|Any CPU.ActiveCfg = Release|Any CPU
		{6157F818-D233-4189-8882-9A375A8431C6}.Release|Any CPU.Build.0 = Release|Any CPU
	EndGlobalSection
	GlobalSection(SolutionProperties) = preSolution
		HideSolutionNode = FALSE
	EndGlobalSection
	GlobalSection(ExtensibilityGlobals) = postSolution
		SolutionGuid = {59A6E4AC-0A24-403B-9F31-9EACD4CBF1D0}
	EndGlobalSection
EndGlobal
